<?xml version="1.0" encoding="utf-8"?>
<Project ToolsVersion="4.0" xmlns="http://schemas.microsoft.com/developer/msbuild/2003">
  <ItemGroup>
    <Filter Include="Source Files">
      <UniqueIdentifier>{4FC737F1-C7A5-4376-A066-2A32D752A2FF}</UniqueIdentifier>
      <Extensions>cpp;c;cc;cxx;def;odl;idl;hpj;bat;asm;asmx</Extensions>
    </Filter>
    <Filter Include="Header Files">
      <UniqueIdentifier>{93995380-89BD-4b04-88EB-625FBE52EBFB}</UniqueIdentifier>
      <Extensions>h;hh;hpp;hxx;hm;inl;inc;xsd</Extensions>
    </Filter>
    <Filter Include="Resource Files">
      <UniqueIdentifier>{D9D6E242-F8AF-46E4-B9FD-80ECBC20BA3E}</UniqueIdentifier>
      <Extensions>qrc;*</Extensions>
      <ParseFiles>false</ParseFiles>
    </Filter>
    <Filter Include="Resource Files">
      <UniqueIdentifier>{D9D6E242-F8AF-46E4-B9FD-80ECBC20BA3E}</UniqueIdentifier>
      <Extensions>qrc;*</Extensions>
      <ParseFiles>false</ParseFiles>
    </Filter>
    <Filter Include="Generated Files">
      <UniqueIdentifier>{71ED8ED8-ACB9-4CE9-BBE1-E00B30144E11}</UniqueIdentifier>
      <Extensions>moc;h;cpp</Extensions>
      <SourceControlFiles>False</SourceControlFiles>
    </Filter>
    <Filter Include="Form Files">
      <UniqueIdentifier>{99349809-55BA-4b9d-BF79-8FDBB0286EB3}</UniqueIdentifier>
      <Extensions>ui</Extensions>
      <ParseFiles>true</ParseFiles>
    </Filter>
    <Filter Include="Form Files\imageTabs">
      <UniqueIdentifier>{2471d26f-6317-43dd-bb91-c5fa8af1c226}</UniqueIdentifier>
    </Filter>
    <Filter Include="Header Files\imageTabs">
      <UniqueIdentifier>{33149b25-9402-40c8-9a5c-d80f95166311}</UniqueIdentifier>
    </Filter>
    <Filter Include="Source Files\imageTabs">
      <UniqueIdentifier>{4f9289ce-8345-45f5-bbec-2047d1542824}</UniqueIdentifier>
    </Filter>
  </ItemGroup>
  <ItemGroup>
    <ClCompile Include="roitools.cpp">
      <Filter>Source Files</Filter>
    </ClCompile>
    <ClCompile Include="imagescrollarea.cpp">
      <Filter>Source Files</Filter>
    </ClCompile>
    <ClCompile Include="roiRectWidget.cpp">
      <Filter>Source Files</Filter>
    </ClCompile>
    <ClCompile Include="moveableLayerWidget.cpp">
      <Filter>Source Files</Filter>
    </ClCompile>
    <ClCompile Include="commonTabs.cpp">
      <Filter>Source Files</Filter>
    </ClCompile>
    <ClCompile Include="roiParamWidget.cpp">
      <Filter>Source Files</Filter>
    </ClCompile>
    <ClCompile Include="roiToolManWnd.cpp">
      <Filter>Source Files</Filter>
    </ClCompile>
    <ClCompile Include="waveTab.cpp">
      <Filter>Source Files\imageTabs</Filter>
    </ClCompile>
    <ClCompile Include="offlineRegTab.cpp">
      <Filter>Source Files\imageTabs</Filter>
    </ClCompile>
    <ClCompile Include="fullImageTab.cpp">
      <Filter>Source Files\imageTabs</Filter>
    </ClCompile>
    <ClCompile Include="roiRenderWidget.cpp">
      <Filter>Source Files</Filter>
    </ClCompile>
    <ClCompile Include="roiImageBox.cpp">
      <Filter>Source Files</Filter>
    </ClCompile>
  </ItemGroup>
  <ItemGroup>
    <ClInclude Include="roitools.h">
      <Filter>Header Files</Filter>
    </ClInclude>
    <ClInclude Include="commonTabs.h">
      <Filter>Header Files</Filter>
    </ClInclude>
  </ItemGroup>
  <ItemGroup>
    <ClInclude Include="roitools_global.h">
      <Filter>Header Files</Filter>
    </ClInclude>
  </ItemGroup>
  <ItemGroup>
    <QtMoc Include="imagescrollarea.h">
      <Filter>Header Files</Filter>
    </QtMoc>
    <QtMoc Include="roiRectWidget.h">
      <Filter>Header Files</Filter>
    </QtMoc>
    <QtMoc Include="moveableLayerWidget.h">
      <Filter>Header Files</Filter>
    </QtMoc>
    <QtMoc Include="unitSwitchLabel.h">
      <Filter>Header Files</Filter>
    </QtMoc>
    <QtMoc Include="roiParamWidget.h">
      <Filter>Header Files</Filter>
    </QtMoc>
    <QtMoc Include="roiToolManWnd.h">
      <Filter>Header Files</Filter>
    </QtMoc>
    <QtMoc Include="fullImageTab.h">
      <Filter>Header Files\imageTabs</Filter>
    </QtMoc>
    <QtMoc Include="offlineRegTab.h">
      <Filter>Header Files\imageTabs</Filter>
    </QtMoc>
    <QtMoc Include="waveTab.h">
      <Filter>Header Files\imageTabs</Filter>
    </QtMoc>
    <QtMoc Include="roiRenderWidget.h">
      <Filter>Header Files</Filter>
    </QtMoc>
    <QtMoc Include="roiImageBox.h">
      <Filter>Header Files</Filter>
    </QtMoc>
  </ItemGroup>
  <ItemGroup>
    <QtUic Include="unitSwitchLabel.ui">
      <Filter>Form Files</Filter>
    </QtUic>
    <QtUic Include="roiParamWidget.ui">
      <Filter>Form Files</Filter>
    </QtUic>
    <QtUic Include="roiToolManWnd.ui">
      <Filter>Form Files</Filter>
    </QtUic>
    <QtUic Include="fullImageTab.ui">
      <Filter>Form Files\imageTabs</Filter>
    </QtUic>
    <QtUic Include="offlineRegTab.ui">
      <Filter>Form Files\imageTabs</Filter>
    </QtUic>
    <QtUic Include="waveTab.ui">
      <Filter>Form Files\imageTabs</Filter>
    </QtUic>
    <QtUic Include="roiImageBox.ui">
      <Filter>Form Files</Filter>
    </QtUic>
  </ItemGroup>
  <ItemGroup>
    <Image Include="Resources\file_open.png">
      <Filter>Resource Files</Filter>
    </Image>
  </ItemGroup>
  <ItemGroup>
    <QtRcc Include="roitools.qrc">
      <Filter>Resource Files</Filter>
    </QtRcc>
  </ItemGroup>
</Project>