
Microsoft Visual Studio Solution File, Format Version 12.00
# Visual Studio 15
VisualStudioVersion = 15.0.27703.2035
MinimumVisualStudioVersion = 10.0.40219.1
Project("{8BC9CEB8-8B4A-11D0-8D11-00A0C91BC942}") = "JuneQCSUI", "src\JuneQCSUI\JuneQCSUI.vcxproj", "{B12702AD-ABFB-343A-A199-8E24837244A3}"
	ProjectSection(ProjectDependencies) = postProject
		{F3851E08-5036-4057-81D8-CF94DE101CB3} = {F3851E08-5036-4057-81D8-CF94DE101CB3}
		{0F96FD3C-6375-4F10-8587-FF33013BC310} = {0F96FD3C-6375-4F10-8587-FF33013BC310}
		{8ECD097D-3A0F-4F3F-A352-BA4517608965} = {8ECD097D-3A0F-4F3F-A352-BA4517608965}
		{BC637F8F-4F2C-42D2-969F-F64ED10555B7} = {BC637F8F-4F2C-42D2-969F-F64ED10555B7}
		{66DC99B7-E24C-4541-943D-90C7B25AE197} = {66DC99B7-E24C-4541-943D-90C7B25AE197}
		{A60496BA-B801-496A-8B44-D6838CB0EDFE} = {A60496BA-B801-496A-8B44-D6838CB0EDFE}
		{E334BEC0-90BB-4D82-9C59-9F6AC5CC2D70} = {E334BEC0-90BB-4D82-9C59-9F6AC5CC2D70}
		{4948C8E8-AD29-4E38-A793-2BC1688286B0} = {4948C8E8-AD29-4E38-A793-2BC1688286B0}
		{A45EE1ED-B790-4060-AFB2-D5B923D93DEF} = {A45EE1ED-B790-4060-AFB2-D5B923D93DEF}
		{17DC1BF0-F828-475C-BE75-7E14059CC494} = {17DC1BF0-F828-475C-BE75-7E14059CC494}
	EndProjectSection
EndProject
Project("{8BC9CEB8-8B4A-11D0-8D11-00A0C91BC942}") = "WICViewerD2D", "tests\wicviewerd2d\WicViewerD2D.vcxproj", "{A78C81DA-8956-47E5-8F4E-9F74B06479B4}"
EndProject
Project("{2150E333-8FDC-42A3-9474-1A3956D46DE8}") = "ImageTests", "ImageTests", "{169DFF4E-B538-4882-A087-F2CCCEEDBE27}"
EndProject
Project("{8BC9CEB8-8B4A-11D0-8D11-00A0C91BC942}") = "WICViewerGDIPlus", "tests\wicviewergdiplus\WicViewerGdiPlus.vcxproj", "{A34D48F0-8EEC-421D-93CC-10A4B02A0D62}"
EndProject
Project("{2150E333-8FDC-42A3-9474-1A3956D46DE8}") = "FrameProviders", "FrameProviders", "{F92EC16E-998D-4FFC-8F8B-DF89B6E3FA66}"
EndProject
Project("{2150E333-8FDC-42A3-9474-1A3956D46DE8}") = "include", "include", "{2DB22514-9621-41BA-9C12-AD7F0933B0D1}"
EndProject
Project("{8BC9CEB8-8B4A-11D0-8D11-00A0C91BC942}") = "appLog", "src\libs\appLog\appLog.vcxproj", "{F3851E08-5036-4057-81D8-CF94DE101CB3}"
	ProjectSection(ProjectDependencies) = postProject
		{BC637F8F-4F2C-42D2-969F-F64ED10555B7} = {BC637F8F-4F2C-42D2-969F-F64ED10555B7}
	EndProjectSection
EndProject
Project("{2150E333-8FDC-42A3-9474-1A3956D46DE8}") = "utilities", "utilities", "{44288810-C0AF-458A-BBF2-9D7D93026E91}"
EndProject
Project("{8BC9CEB8-8B4A-11D0-8D11-00A0C91BC942}") = "jutils", "src\libs\jutils\jutils.vcxproj", "{BC637F8F-4F2C-42D2-969F-F64ED10555B7}"
EndProject
Project("{2150E333-8FDC-42A3-9474-1A3956D46DE8}") = "libraries", "libraries", "{C7817FBE-27DB-4AFB-B2EB-3AFEA04A15F3}"
EndProject
Project("{2150E333-8FDC-42A3-9474-1A3956D46DE8}") = "UI", "UI", "{7D99035E-0D28-41F5-A5EE-79AD32EF6A22}"
EndProject
Project("{8BC9CEB8-8B4A-11D0-8D11-00A0C91BC942}") = "SiSoProvider", "src\libs\frameProviders\SiSoProvider\SiSoProvider.vcxproj", "{4948C8E8-AD29-4E38-A793-2BC1688286B0}"
	ProjectSection(ProjectDependencies) = postProject
		{F3851E08-5036-4057-81D8-CF94DE101CB3} = {F3851E08-5036-4057-81D8-CF94DE101CB3}
		{0F96FD3C-6375-4F10-8587-FF33013BC310} = {0F96FD3C-6375-4F10-8587-FF33013BC310}
		{8ECD097D-3A0F-4F3F-A352-BA4517608965} = {8ECD097D-3A0F-4F3F-A352-BA4517608965}
		{BC637F8F-4F2C-42D2-969F-F64ED10555B7} = {BC637F8F-4F2C-42D2-969F-F64ED10555B7}
		{A60496BA-B801-496A-8B44-D6838CB0EDFE} = {A60496BA-B801-496A-8B44-D6838CB0EDFE}
	EndProjectSection
EndProject
Project("{8BC9CEB8-8B4A-11D0-8D11-00A0C91BC942}") = "FrameProviderInterface", "src\libs\frameProviders\FrameProviderInterface\FrameProviderInterface.vcxproj", "{8ECD097D-3A0F-4F3F-A352-BA4517608965}"
	ProjectSection(ProjectDependencies) = postProject
		{F3851E08-5036-4057-81D8-CF94DE101CB3} = {F3851E08-5036-4057-81D8-CF94DE101CB3}
		{0F96FD3C-6375-4F10-8587-FF33013BC310} = {0F96FD3C-6375-4F10-8587-FF33013BC310}
		{BC637F8F-4F2C-42D2-969F-F64ED10555B7} = {BC637F8F-4F2C-42D2-969F-F64ED10555B7}
		{66DC99B7-E24C-4541-943D-90C7B25AE197} = {66DC99B7-E24C-4541-943D-90C7B25AE197}
		{A60496BA-B801-496A-8B44-D6838CB0EDFE} = {A60496BA-B801-496A-8B44-D6838CB0EDFE}
	EndProjectSection
EndProject
Project("{8BC9CEB8-8B4A-11D0-8D11-00A0C91BC942}") = "FGSimulator", "src\libs\frameProviders\FGSimulator\FGSimulator.vcxproj", "{17DC1BF0-F828-475C-BE75-7E14059CC494}"
	ProjectSection(ProjectDependencies) = postProject
		{F3851E08-5036-4057-81D8-CF94DE101CB3} = {F3851E08-5036-4057-81D8-CF94DE101CB3}
		{0F96FD3C-6375-4F10-8587-FF33013BC310} = {0F96FD3C-6375-4F10-8587-FF33013BC310}
		{8ECD097D-3A0F-4F3F-A352-BA4517608965} = {8ECD097D-3A0F-4F3F-A352-BA4517608965}
		{BC637F8F-4F2C-42D2-969F-F64ED10555B7} = {BC637F8F-4F2C-42D2-969F-F64ED10555B7}
		{A60496BA-B801-496A-8B44-D6838CB0EDFE} = {A60496BA-B801-496A-8B44-D6838CB0EDFE}
	EndProjectSection
EndProject
Project("{8BC9CEB8-8B4A-11D0-8D11-00A0C91BC942}") = "OffReader", "src\libs\frameProviders\OfflineReader\offreader.vcxproj", "{A45EE1ED-B790-4060-AFB2-D5B923D93DEF}"
	ProjectSection(ProjectDependencies) = postProject
		{F3851E08-5036-4057-81D8-CF94DE101CB3} = {F3851E08-5036-4057-81D8-CF94DE101CB3}
		{0F96FD3C-6375-4F10-8587-FF33013BC310} = {0F96FD3C-6375-4F10-8587-FF33013BC310}
		{8ECD097D-3A0F-4F3F-A352-BA4517608965} = {8ECD097D-3A0F-4F3F-A352-BA4517608965}
		{BC637F8F-4F2C-42D2-969F-F64ED10555B7} = {BC637F8F-4F2C-42D2-969F-F64ED10555B7}
		{A60496BA-B801-496A-8B44-D6838CB0EDFE} = {A60496BA-B801-496A-8B44-D6838CB0EDFE}
	EndProjectSection
EndProject
Project("{8BC9CEB8-8B4A-11D0-8D11-00A0C91BC942}") = "algorithms", "src\libs\algorithms\algorithms.vcxproj", "{E334BEC0-90BB-4D82-9C59-9F6AC5CC2D70}"
	ProjectSection(ProjectDependencies) = postProject
		{F3851E08-5036-4057-81D8-CF94DE101CB3} = {F3851E08-5036-4057-81D8-CF94DE101CB3}
		{BC637F8F-4F2C-42D2-969F-F64ED10555B7} = {BC637F8F-4F2C-42D2-969F-F64ED10555B7}
		{A60496BA-B801-496A-8B44-D6838CB0EDFE} = {A60496BA-B801-496A-8B44-D6838CB0EDFE}
	EndProjectSection
EndProject
Project("{8BC9CEB8-8B4A-11D0-8D11-00A0C91BC942}") = "functions", "src\libs\functions\functions.vcxproj", "{0F96FD3C-6375-4F10-8587-FF33013BC310}"
	ProjectSection(ProjectDependencies) = postProject
		{F3851E08-5036-4057-81D8-CF94DE101CB3} = {F3851E08-5036-4057-81D8-CF94DE101CB3}
		{BC637F8F-4F2C-42D2-969F-F64ED10555B7} = {BC637F8F-4F2C-42D2-969F-F64ED10555B7}
		{A60496BA-B801-496A-8B44-D6838CB0EDFE} = {A60496BA-B801-496A-8B44-D6838CB0EDFE}
	EndProjectSection
EndProject
Project("{8BC9CEB8-8B4A-11D0-8D11-00A0C91BC942}") = "jparams", "src\libs\jparams\jparams.vcxproj", "{A60496BA-B801-496A-8B44-D6838CB0EDFE}"
	ProjectSection(ProjectDependencies) = postProject
		{F3851E08-5036-4057-81D8-CF94DE101CB3} = {F3851E08-5036-4057-81D8-CF94DE101CB3}
		{BC637F8F-4F2C-42D2-969F-F64ED10555B7} = {BC637F8F-4F2C-42D2-969F-F64ED10555B7}
	EndProjectSection
EndProject
Project("{8BC9CEB8-8B4A-11D0-8D11-00A0C91BC942}") = "threading", "src\libs\threading\threading.vcxproj", "{66DC99B7-E24C-4541-943D-90C7B25AE197}"
	ProjectSection(ProjectDependencies) = postProject
		{F3851E08-5036-4057-81D8-CF94DE101CB3} = {F3851E08-5036-4057-81D8-CF94DE101CB3}
		{BC637F8F-4F2C-42D2-969F-F64ED10555B7} = {BC637F8F-4F2C-42D2-969F-F64ED10555B7}
		{A60496BA-B801-496A-8B44-D6838CB0EDFE} = {A60496BA-B801-496A-8B44-D6838CB0EDFE}
	EndProjectSection
EndProject
Project("{8BC9CEB8-8B4A-11D0-8D11-00A0C91BC942}") = "fastformat", "src\libs\fastformat\fastformat.vcxproj", "{E9E81B25-5F86-474E-897C-F82FE686915E}"
EndProject
Project("{8BC9CEB8-8B4A-11D0-8D11-00A0C91BC942}") = "junecore", "src\libs\junecore\junecore.vcxproj", "{FFDA6CBB-7DF5-43D1-9A3B-4F9C3938866D}"
	ProjectSection(ProjectDependencies) = postProject
		{F3851E08-5036-4057-81D8-CF94DE101CB3} = {F3851E08-5036-4057-81D8-CF94DE101CB3}
		{BC637F8F-4F2C-42D2-969F-F64ED10555B7} = {BC637F8F-4F2C-42D2-969F-F64ED10555B7}
		{A60496BA-B801-496A-8B44-D6838CB0EDFE} = {A60496BA-B801-496A-8B44-D6838CB0EDFE}
	EndProjectSection
EndProject
Project("{2150E333-8FDC-42A3-9474-1A3956D46DE8}") = "common", "common", "{21C94792-2C86-4071-8048-669CC52A97BC}"
	ProjectSection(SolutionItems) = preProject
		include\common\june_errors.h = include\common\june_errors.h
		include\common\june_exceptions.h = include\common\june_exceptions.h
	EndProjectSection
EndProject
Project("{2150E333-8FDC-42A3-9474-1A3956D46DE8}") = "interfaces", "interfaces", "{BD1D1E98-78BD-433B-BA4A-813ECF9B84CF}"
EndProject
Global
	GlobalSection(SolutionConfigurationPlatforms) = preSolution
		Debug|x64 = Debug|x64
		Debug|x86 = Debug|x86
		Release|x64 = Release|x64
		Release|x86 = Release|x86
	EndGlobalSection
	GlobalSection(ProjectConfigurationPlatforms) = postSolution
		{B12702AD-ABFB-343A-A199-8E24837244A3}.Debug|x64.ActiveCfg = Debug|x64
		{B12702AD-ABFB-343A-A199-8E24837244A3}.Debug|x64.Build.0 = Debug|x64
		{B12702AD-ABFB-343A-A199-8E24837244A3}.Debug|x86.ActiveCfg = Debug|x64
		{B12702AD-ABFB-343A-A199-8E24837244A3}.Release|x64.ActiveCfg = Release|x64
		{B12702AD-ABFB-343A-A199-8E24837244A3}.Release|x64.Build.0 = Release|x64
		{B12702AD-ABFB-343A-A199-8E24837244A3}.Release|x86.ActiveCfg = Release|x64
		{A78C81DA-8956-47E5-8F4E-9F74B06479B4}.Debug|x64.ActiveCfg = Debug|x64
		{A78C81DA-8956-47E5-8F4E-9F74B06479B4}.Debug|x64.Build.0 = Debug|x64
		{A78C81DA-8956-47E5-8F4E-9F74B06479B4}.Debug|x86.ActiveCfg = Debug|x64
		{A78C81DA-8956-47E5-8F4E-9F74B06479B4}.Release|x64.ActiveCfg = Release|x64
		{A78C81DA-8956-47E5-8F4E-9F74B06479B4}.Release|x64.Build.0 = Release|x64
		{A78C81DA-8956-47E5-8F4E-9F74B06479B4}.Release|x86.ActiveCfg = Release|x64
		{A34D48F0-8EEC-421D-93CC-10A4B02A0D62}.Debug|x64.ActiveCfg = Debug|x64
		{A34D48F0-8EEC-421D-93CC-10A4B02A0D62}.Debug|x64.Build.0 = Debug|x64
		{A34D48F0-8EEC-421D-93CC-10A4B02A0D62}.Debug|x86.ActiveCfg = Debug|x64
		{A34D48F0-8EEC-421D-93CC-10A4B02A0D62}.Release|x64.ActiveCfg = Release|x64
		{A34D48F0-8EEC-421D-93CC-10A4B02A0D62}.Release|x64.Build.0 = Release|x64
		{A34D48F0-8EEC-421D-93CC-10A4B02A0D62}.Release|x86.ActiveCfg = Release|x64
		{F3851E08-5036-4057-81D8-CF94DE101CB3}.Debug|x64.ActiveCfg = Debug|x64
		{F3851E08-5036-4057-81D8-CF94DE101CB3}.Debug|x64.Build.0 = Debug|x64
		{F3851E08-5036-4057-81D8-CF94DE101CB3}.Debug|x86.ActiveCfg = Debug|x64
		{F3851E08-5036-4057-81D8-CF94DE101CB3}.Release|x64.ActiveCfg = Release|x64
		{F3851E08-5036-4057-81D8-CF94DE101CB3}.Release|x64.Build.0 = Release|x64
		{F3851E08-5036-4057-81D8-CF94DE101CB3}.Release|x86.ActiveCfg = Release|x64
		{BC637F8F-4F2C-42D2-969F-F64ED10555B7}.Debug|x64.ActiveCfg = Debug|x64
		{BC637F8F-4F2C-42D2-969F-F64ED10555B7}.Debug|x64.Build.0 = Debug|x64
		{BC637F8F-4F2C-42D2-969F-F64ED10555B7}.Debug|x86.ActiveCfg = Debug|x64
		{BC637F8F-4F2C-42D2-969F-F64ED10555B7}.Release|x64.ActiveCfg = Release|x64
		{BC637F8F-4F2C-42D2-969F-F64ED10555B7}.Release|x64.Build.0 = Release|x64
		{BC637F8F-4F2C-42D2-969F-F64ED10555B7}.Release|x86.ActiveCfg = Release|x64
		{4948C8E8-AD29-4E38-A793-2BC1688286B0}.Debug|x64.ActiveCfg = Debug|x64
		{4948C8E8-AD29-4E38-A793-2BC1688286B0}.Debug|x64.Build.0 = Debug|x64
		{4948C8E8-AD29-4E38-A793-2BC1688286B0}.Debug|x86.ActiveCfg = Debug|x64
		{4948C8E8-AD29-4E38-A793-2BC1688286B0}.Release|x64.ActiveCfg = Release|x64
		{4948C8E8-AD29-4E38-A793-2BC1688286B0}.Release|x64.Build.0 = Release|x64
		{4948C8E8-AD29-4E38-A793-2BC1688286B0}.Release|x86.ActiveCfg = Release|x64
		{8ECD097D-3A0F-4F3F-A352-BA4517608965}.Debug|x64.ActiveCfg = Debug|x64
		{8ECD097D-3A0F-4F3F-A352-BA4517608965}.Debug|x64.Build.0 = Debug|x64
		{8ECD097D-3A0F-4F3F-A352-BA4517608965}.Debug|x86.ActiveCfg = Debug|x64
		{8ECD097D-3A0F-4F3F-A352-BA4517608965}.Release|x64.ActiveCfg = Release|x64
		{8ECD097D-3A0F-4F3F-A352-BA4517608965}.Release|x64.Build.0 = Release|x64
		{8ECD097D-3A0F-4F3F-A352-BA4517608965}.Release|x86.ActiveCfg = Release|x64
		{17DC1BF0-F828-475C-BE75-7E14059CC494}.Debug|x64.ActiveCfg = Debug|x64
		{17DC1BF0-F828-475C-BE75-7E14059CC494}.Debug|x64.Build.0 = Debug|x64
		{17DC1BF0-F828-475C-BE75-7E14059CC494}.Debug|x86.ActiveCfg = Debug|x64
		{17DC1BF0-F828-475C-BE75-7E14059CC494}.Release|x64.ActiveCfg = Release|x64
		{17DC1BF0-F828-475C-BE75-7E14059CC494}.Release|x64.Build.0 = Release|x64
		{17DC1BF0-F828-475C-BE75-7E14059CC494}.Release|x86.ActiveCfg = Release|x64
		{A45EE1ED-B790-4060-AFB2-D5B923D93DEF}.Debug|x64.ActiveCfg = Debug|x64
		{A45EE1ED-B790-4060-AFB2-D5B923D93DEF}.Debug|x64.Build.0 = Debug|x64
		{A45EE1ED-B790-4060-AFB2-D5B923D93DEF}.Debug|x86.ActiveCfg = Debug|x64
		{A45EE1ED-B790-4060-AFB2-D5B923D93DEF}.Release|x64.ActiveCfg = Release|x64
		{A45EE1ED-B790-4060-AFB2-D5B923D93DEF}.Release|x64.Build.0 = Release|x64
		{A45EE1ED-B790-4060-AFB2-D5B923D93DEF}.Release|x86.ActiveCfg = Release|x64
		{E334BEC0-90BB-4D82-9C59-9F6AC5CC2D70}.Debug|x64.ActiveCfg = Debug|x64
		{E334BEC0-90BB-4D82-9C59-9F6AC5CC2D70}.Debug|x64.Build.0 = Debug|x64
		{E334BEC0-90BB-4D82-9C59-9F6AC5CC2D70}.Debug|x86.ActiveCfg = Debug|x64
		{E334BEC0-90BB-4D82-9C59-9F6AC5CC2D70}.Release|x64.ActiveCfg = Release|x64
		{E334BEC0-90BB-4D82-9C59-9F6AC5CC2D70}.Release|x64.Build.0 = Release|x64
		{E334BEC0-90BB-4D82-9C59-9F6AC5CC2D70}.Release|x86.ActiveCfg = Release|x64
		{0F96FD3C-6375-4F10-8587-FF33013BC310}.Debug|x64.ActiveCfg = Debug|x64
		{0F96FD3C-6375-4F10-8587-FF33013BC310}.Debug|x64.Build.0 = Debug|x64
		{0F96FD3C-6375-4F10-8587-FF33013BC310}.Debug|x86.ActiveCfg = Debug|x64
		{0F96FD3C-6375-4F10-8587-FF33013BC310}.Release|x64.ActiveCfg = Release|x64
		{0F96FD3C-6375-4F10-8587-FF33013BC310}.Release|x64.Build.0 = Release|x64
		{0F96FD3C-6375-4F10-8587-FF33013BC310}.Release|x86.ActiveCfg = Release|x64
		{A60496BA-B801-496A-8B44-D6838CB0EDFE}.Debug|x64.ActiveCfg = Debug|x64
		{A60496BA-B801-496A-8B44-D6838CB0EDFE}.Debug|x64.Build.0 = Debug|x64
		{A60496BA-B801-496A-8B44-D6838CB0EDFE}.Debug|x86.ActiveCfg = Debug|x64
		{A60496BA-B801-496A-8B44-D6838CB0EDFE}.Release|x64.ActiveCfg = Release|x64
		{A60496BA-B801-496A-8B44-D6838CB0EDFE}.Release|x64.Build.0 = Release|x64
		{A60496BA-B801-496A-8B44-D6838CB0EDFE}.Release|x86.ActiveCfg = Release|x64
		{66DC99B7-E24C-4541-943D-90C7B25AE197}.Debug|x64.ActiveCfg = Debug|x64
		{66DC99B7-E24C-4541-943D-90C7B25AE197}.Debug|x64.Build.0 = Debug|x64
		{66DC99B7-E24C-4541-943D-90C7B25AE197}.Debug|x86.ActiveCfg = Debug|x64
		{66DC99B7-E24C-4541-943D-90C7B25AE197}.Release|x64.ActiveCfg = Release|x64
		{66DC99B7-E24C-4541-943D-90C7B25AE197}.Release|x64.Build.0 = Release|x64
		{66DC99B7-E24C-4541-943D-90C7B25AE197}.Release|x86.ActiveCfg = Release|x64
		{E9E81B25-5F86-474E-897C-F82FE686915E}.Debug|x64.ActiveCfg = Debug|x64
		{E9E81B25-5F86-474E-897C-F82FE686915E}.Debug|x64.Build.0 = Debug|x64
		{E9E81B25-5F86-474E-897C-F82FE686915E}.Debug|x86.ActiveCfg = Debug|Win32
		{E9E81B25-5F86-474E-897C-F82FE686915E}.Debug|x86.Build.0 = Debug|Win32
		{E9E81B25-5F86-474E-897C-F82FE686915E}.Release|x64.ActiveCfg = Release|x64
		{E9E81B25-5F86-474E-897C-F82FE686915E}.Release|x64.Build.0 = Release|x64
		{E9E81B25-5F86-474E-897C-F82FE686915E}.Release|x86.ActiveCfg = Release|Win32
		{E9E81B25-5F86-474E-897C-F82FE686915E}.Release|x86.Build.0 = Release|Win32
		{FFDA6CBB-7DF5-43D1-9A3B-4F9C3938866D}.Debug|x64.ActiveCfg = Debug|x64
		{FFDA6CBB-7DF5-43D1-9A3B-4F9C3938866D}.Debug|x64.Build.0 = Debug|x64
		{FFDA6CBB-7DF5-43D1-9A3B-4F9C3938866D}.Debug|x86.ActiveCfg = Debug|x64
		{FFDA6CBB-7DF5-43D1-9A3B-4F9C3938866D}.Release|x64.ActiveCfg = Release|x64
		{FFDA6CBB-7DF5-43D1-9A3B-4F9C3938866D}.Release|x64.Build.0 = Release|x64
		{FFDA6CBB-7DF5-43D1-9A3B-4F9C3938866D}.Release|x86.ActiveCfg = Release|x64
	EndGlobalSection
	GlobalSection(SolutionProperties) = preSolution
		HideSolutionNode = FALSE
	EndGlobalSection
	GlobalSection(NestedProjects) = preSolution
		{B12702AD-ABFB-343A-A199-8E24837244A3} = {7D99035E-0D28-41F5-A5EE-79AD32EF6A22}
		{A78C81DA-8956-47E5-8F4E-9F74B06479B4} = {169DFF4E-B538-4882-A087-F2CCCEEDBE27}
		{A34D48F0-8EEC-421D-93CC-10A4B02A0D62} = {169DFF4E-B538-4882-A087-F2CCCEEDBE27}
		{F92EC16E-998D-4FFC-8F8B-DF89B6E3FA66} = {C7817FBE-27DB-4AFB-B2EB-3AFEA04A15F3}
		{F3851E08-5036-4057-81D8-CF94DE101CB3} = {44288810-C0AF-458A-BBF2-9D7D93026E91}
		{44288810-C0AF-458A-BBF2-9D7D93026E91} = {C7817FBE-27DB-4AFB-B2EB-3AFEA04A15F3}
		{BC637F8F-4F2C-42D2-969F-F64ED10555B7} = {44288810-C0AF-458A-BBF2-9D7D93026E91}
		{4948C8E8-AD29-4E38-A793-2BC1688286B0} = {F92EC16E-998D-4FFC-8F8B-DF89B6E3FA66}
		{8ECD097D-3A0F-4F3F-A352-BA4517608965} = {F92EC16E-998D-4FFC-8F8B-DF89B6E3FA66}
		{17DC1BF0-F828-475C-BE75-7E14059CC494} = {F92EC16E-998D-4FFC-8F8B-DF89B6E3FA66}
		{A45EE1ED-B790-4060-AFB2-D5B923D93DEF} = {F92EC16E-998D-4FFC-8F8B-DF89B6E3FA66}
		{E334BEC0-90BB-4D82-9C59-9F6AC5CC2D70} = {C7817FBE-27DB-4AFB-B2EB-3AFEA04A15F3}
		{0F96FD3C-6375-4F10-8587-FF33013BC310} = {C7817FBE-27DB-4AFB-B2EB-3AFEA04A15F3}
		{A60496BA-B801-496A-8B44-D6838CB0EDFE} = {C7817FBE-27DB-4AFB-B2EB-3AFEA04A15F3}
		{66DC99B7-E24C-4541-943D-90C7B25AE197} = {C7817FBE-27DB-4AFB-B2EB-3AFEA04A15F3}
		{E9E81B25-5F86-474E-897C-F82FE686915E} = {C7817FBE-27DB-4AFB-B2EB-3AFEA04A15F3}
		{FFDA6CBB-7DF5-43D1-9A3B-4F9C3938866D} = {C7817FBE-27DB-4AFB-B2EB-3AFEA04A15F3}
		{21C94792-2C86-4071-8048-669CC52A97BC} = {2DB22514-9621-41BA-9C12-AD7F0933B0D1}
		{BD1D1E98-78BD-433B-BA4A-813ECF9B84CF} = {2DB22514-9621-41BA-9C12-AD7F0933B0D1}
	EndGlobalSection
	GlobalSection(ExtensibilityGlobals) = postSolution
		SolutionGuid = {86760CC3-BF26-4AE0-B27D-24F54426E658}
	EndGlobalSection
EndGlobal
