
Microsoft Visual Studio Solution File, Format Version 12.00
# Visual Studio 15
VisualStudioVersion = 15.0.27703.2035
MinimumVisualStudioVersion = 10.0.40219.1
Project("{8BC9CEB8-8B4A-11D0-8D11-00A0C91BC942}") = "juneQCSUI", "src\JuneQCSUI\JuneQCSUI.vcxproj", "{B12702AD-ABFB-343A-A199-8E24837244A3}"
	ProjectSection(ProjectDependencies) = postProject
		{37FC1823-7D7E-4A33-9BB7-3A2F89A671EB} = {37FC1823-7D7E-4A33-9BB7-3A2F89A671EB}
		{E9E81B25-5F86-474E-897C-F82FE686915E} = {E9E81B25-5F86-474E-897C-F82FE686915E}
		{0F96FD3C-6375-4F10-8587-FF33013BC310} = {0F96FD3C-6375-4F10-8587-FF33013BC310}
		{A2179045-15C2-4ACC-A4D5-5AF9C841D2F3} = {A2179045-15C2-4ACC-A4D5-5AF9C841D2F3}
		{8ECD097D-3A0F-4F3F-A352-BA4517608965} = {8ECD097D-3A0F-4F3F-A352-BA4517608965}
		{4948C8E8-AD29-4E38-A793-2BC1688286B0} = {4948C8E8-AD29-4E38-A793-2BC1688286B0}
		{74E573FA-04D1-4592-9BAC-6443784A562D} = {74E573FA-04D1-4592-9BAC-6443784A562D}
	EndProjectSection
EndProject
Project("{2150E333-8FDC-42A3-9474-1A3956D46DE8}") = "include", "include", "{2DB22514-9621-41BA-9C12-AD7F0933B0D1}"
EndProject
Project("{2150E333-8FDC-42A3-9474-1A3956D46DE8}") = "utilities", "utilities", "{44288810-C0AF-458A-BBF2-9D7D93026E91}"
EndProject
Project("{2150E333-8FDC-42A3-9474-1A3956D46DE8}") = "common", "common", "{21C94792-2C86-4071-8048-669CC52A97BC}"
	ProjectSection(SolutionItems) = preProject
		include\common\june_defs.h = include\common\june_defs.h
		include\common\june_enums.h = include\common\june_enums.h
		include\common\june_errors.h = include\common\june_errors.h
		include\common\june_exceptions.h = include\common\june_exceptions.h
		include\common\type_usings.h = include\common\type_usings.h
		include\common\version.h = include\common\version.h
	EndProjectSection
EndProject
Project("{2150E333-8FDC-42A3-9474-1A3956D46DE8}") = "interfaces", "interfaces", "{BD1D1E98-78BD-433B-BA4A-813ECF9B84CF}"
	ProjectSection(SolutionItems) = preProject
		src\libs\algorithm_handlers\interfaces\IAlgorithmRunner.h = src\libs\algorithm_handlers\interfaces\IAlgorithmRunner.h
		src\libs\coreLib\interfaces\ICore.h = src\libs\coreLib\interfaces\ICore.h
		src\libs\frameProviders\interfaces\IFrameProvider.h = src\libs\frameProviders\interfaces\IFrameProvider.h
		include\interfaces\IQBAse.h = include\interfaces\IQBAse.h
	EndProjectSection
EndProject
Project("{2150E333-8FDC-42A3-9474-1A3956D46DE8}") = "core", "core", "{16FE1ADE-AA38-4844-A48A-90D6DDE4F21E}"
EndProject
Project("{8BC9CEB8-8B4A-11D0-8D11-00A0C91BC942}") = "coreLib", "src\libs\coreLib\coreLib.vcxproj", "{FFDA6CBB-7DF5-43D1-9A3B-4F9C3938866D}"
EndProject
Project("{8BC9CEB8-8B4A-11D0-8D11-00A0C91BC942}") = "frameLib", "src\libs\frameLib\frameLib.vcxproj", "{37FC1823-7D7E-4A33-9BB7-3A2F89A671EB}"
	ProjectSection(ProjectDependencies) = postProject
		{F3851E08-5036-4057-81D8-CF94DE101CB3} = {F3851E08-5036-4057-81D8-CF94DE101CB3}
		{2CD8058E-0EC4-4486-8129-03E874B756DA} = {2CD8058E-0EC4-4486-8129-03E874B756DA}
	EndProjectSection
EndProject
Project("{8BC9CEB8-8B4A-11D0-8D11-00A0C91BC942}") = "formatLib", "src\libs\formatLib\formatLib.vcxproj", "{E9E81B25-5F86-474E-897C-F82FE686915E}"
EndProject
Project("{8BC9CEB8-8B4A-11D0-8D11-00A0C91BC942}") = "utilLib", "src\libs\utilLib\utilLib.vcxproj", "{2CD8058E-0EC4-4486-8129-03E874B756DA}"
EndProject
Project("{8BC9CEB8-8B4A-11D0-8D11-00A0C91BC942}") = "baseProviderLib", "src\libs\frameProviders\baseProviderLib\baseProviderLib.vcxproj", "{8ECD097D-3A0F-4F3F-A352-BA4517608965}"
	ProjectSection(ProjectDependencies) = postProject
		{F3851E08-5036-4057-81D8-CF94DE101CB3} = {F3851E08-5036-4057-81D8-CF94DE101CB3}
		{37FC1823-7D7E-4A33-9BB7-3A2F89A671EB} = {37FC1823-7D7E-4A33-9BB7-3A2F89A671EB}
		{E9E81B25-5F86-474E-897C-F82FE686915E} = {E9E81B25-5F86-474E-897C-F82FE686915E}
		{2CD8058E-0EC4-4486-8129-03E874B756DA} = {2CD8058E-0EC4-4486-8129-03E874B756DA}
		{AEE565B3-8822-46E6-8E39-EB574B3BC447} = {AEE565B3-8822-46E6-8E39-EB574B3BC447}
	EndProjectSection
EndProject
Project("{8BC9CEB8-8B4A-11D0-8D11-00A0C91BC942}") = "sisoFGProvLib", "src\libs\frameProviders\sisoFGProvLib\sisoFGProvLib.vcxproj", "{4948C8E8-AD29-4E38-A793-2BC1688286B0}"
	ProjectSection(ProjectDependencies) = postProject
		{AEE565B3-8822-46E6-8E39-EB574B3BC447} = {AEE565B3-8822-46E6-8E39-EB574B3BC447}
	EndProjectSection
EndProject
Project("{8BC9CEB8-8B4A-11D0-8D11-00A0C91BC942}") = "functionsLib", "src\libs\functionsLib\functionsLib.vcxproj", "{0F96FD3C-6375-4F10-8587-FF33013BC310}"
	ProjectSection(ProjectDependencies) = postProject
		{F3851E08-5036-4057-81D8-CF94DE101CB3} = {F3851E08-5036-4057-81D8-CF94DE101CB3}
		{2CD8058E-0EC4-4486-8129-03E874B756DA} = {2CD8058E-0EC4-4486-8129-03E874B756DA}
	EndProjectSection
EndProject
Project("{8BC9CEB8-8B4A-11D0-8D11-00A0C91BC942}") = "paramLib", "src\libs\paramLib\paramLib.vcxproj", "{AEE565B3-8822-46E6-8E39-EB574B3BC447}"
	ProjectSection(ProjectDependencies) = postProject
		{F3851E08-5036-4057-81D8-CF94DE101CB3} = {F3851E08-5036-4057-81D8-CF94DE101CB3}
		{2CD8058E-0EC4-4486-8129-03E874B756DA} = {2CD8058E-0EC4-4486-8129-03E874B756DA}
	EndProjectSection
EndProject
Project("{2150E333-8FDC-42A3-9474-1A3956D46DE8}") = "UI", "UI", "{7F17C5A6-D255-4B03-A9A0-75B99A8A6C50}"
EndProject
Project("{8BC9CEB8-8B4A-11D0-8D11-00A0C91BC942}") = "logLib", "src\libs\logLib\appLog.vcxproj", "{F3851E08-5036-4057-81D8-CF94DE101CB3}"
EndProject
Project("{2150E333-8FDC-42A3-9474-1A3956D46DE8}") = "algorithm runners", "algorithm runners", "{20844454-356C-4BE4-BBF8-24F36BEF98D5}"
EndProject
Project("{8BC9CEB8-8B4A-11D0-8D11-00A0C91BC942}") = "algorithmic_functions", "src\libs\algorithmic_functions\algorithmic_functions.vcxproj", "{74E573FA-04D1-4592-9BAC-6443784A562D}"
EndProject
Project("{2150E333-8FDC-42A3-9474-1A3956D46DE8}") = "frameProviders", "frameProviders", "{1B904684-A96B-4260-8703-E2FCB3C4526A}"
EndProject
Project("{8BC9CEB8-8B4A-11D0-8D11-00A0C91BC942}") = "baseAlgorithmRunner", "src\libs\algorithm_runners\baseAlgorithmRunner\baseAlgorithmRunner.vcxproj", "{A2179045-15C2-4ACC-A4D5-5AF9C841D2F3}"
EndProject
Project("{8BC9CEB8-8B4A-11D0-8D11-00A0C91BC942}") = "fullImageRunner", "src\libs\algorithm_runners\fullImageRunner\fullImageRunner.vcxproj", "{79EC106F-D1CC-4A66-8FC5-549E2202CF78}"
EndProject
Project("{8BC9CEB8-8B4A-11D0-8D11-00A0C91BC942}") = "statLib", "src\libs\statLib\statLib.vcxproj", "{5053B108-D4AD-43F6-BBBF-D0C0FEAD9E3B}"
EndProject
Project("{8BC9CEB8-8B4A-11D0-8D11-00A0C91BC942}") = "offlineFrameProvider", "src\libs\frameProviders\offlineFrameProvider\offlineFrameProvider.vcxproj", "{56942F24-DA9E-4F7F-92EF-371BA1698D4F}"
EndProject
Project("{8BC9CEB8-8B4A-11D0-8D11-00A0C91BC942}") = "threads", "src\libs\threads\threads.vcxproj", "{29672DCC-30F4-4901-A7CF-923144194800}"
EndProject
Project("{8BC9CEB8-8B4A-11D0-8D11-00A0C91BC942}") = "roitools", "src\libs\roitools\roitools.vcxproj", "{675A6CAC-ED05-44B4-BF85-9E5716FD769F}"
EndProject
Project("{8BC9CEB8-8B4A-11D0-8D11-00A0C91BC942}") = "avtStripRunner", "src\libs\algorithm_runners\avtStripRunner\avtStripRunner.vcxproj", "{C4B93A79-7BA9-448D-B0F9-1081BD1B28B8}"
EndProject
Project("{8BC9CEB8-8B4A-11D0-8D11-00A0C91BC942}") = "avtStripProvider", "src\libs\frameProviders\avtStripProvider\avtStripProvider.vcxproj", "{56942F24-DA9E-4F7F-92EF-373BA1698D4F}"
EndProject
Global
	GlobalSection(SolutionConfigurationPlatforms) = preSolution
		Debug|x64 = Debug|x64
		Release_With_DebugInfo|x64 = Release_With_DebugInfo|x64
		Release|x64 = Release|x64
	EndGlobalSection
	GlobalSection(ProjectConfigurationPlatforms) = postSolution
		{B12702AD-ABFB-343A-A199-8E24837244A3}.Debug|x64.ActiveCfg = Debug|x64
		{B12702AD-ABFB-343A-A199-8E24837244A3}.Debug|x64.Build.0 = Debug|x64
		{B12702AD-ABFB-343A-A199-8E24837244A3}.Release_With_DebugInfo|x64.ActiveCfg = Release_With_DebugInfo|x64
		{B12702AD-ABFB-343A-A199-8E24837244A3}.Release_With_DebugInfo|x64.Build.0 = Release_With_DebugInfo|x64
		{B12702AD-ABFB-343A-A199-8E24837244A3}.Release|x64.ActiveCfg = Release|x64
		{B12702AD-ABFB-343A-A199-8E24837244A3}.Release|x64.Build.0 = Release|x64
		{FFDA6CBB-7DF5-43D1-9A3B-4F9C3938866D}.Debug|x64.ActiveCfg = Debug|x64
		{FFDA6CBB-7DF5-43D1-9A3B-4F9C3938866D}.Debug|x64.Build.0 = Debug|x64
		{FFDA6CBB-7DF5-43D1-9A3B-4F9C3938866D}.Release_With_DebugInfo|x64.ActiveCfg = Release_With_DebugInfo|x64
		{FFDA6CBB-7DF5-43D1-9A3B-4F9C3938866D}.Release_With_DebugInfo|x64.Build.0 = Release_With_DebugInfo|x64
		{FFDA6CBB-7DF5-43D1-9A3B-4F9C3938866D}.Release|x64.ActiveCfg = Release|x64
		{FFDA6CBB-7DF5-43D1-9A3B-4F9C3938866D}.Release|x64.Build.0 = Release|x64
		{37FC1823-7D7E-4A33-9BB7-3A2F89A671EB}.Debug|x64.ActiveCfg = Debug|x64
		{37FC1823-7D7E-4A33-9BB7-3A2F89A671EB}.Debug|x64.Build.0 = Debug|x64
		{37FC1823-7D7E-4A33-9BB7-3A2F89A671EB}.Release_With_DebugInfo|x64.ActiveCfg = Release_With_DebugInfo|x64
		{37FC1823-7D7E-4A33-9BB7-3A2F89A671EB}.Release_With_DebugInfo|x64.Build.0 = Release_With_DebugInfo|x64
		{37FC1823-7D7E-4A33-9BB7-3A2F89A671EB}.Release|x64.ActiveCfg = Release|x64
		{37FC1823-7D7E-4A33-9BB7-3A2F89A671EB}.Release|x64.Build.0 = Release|x64
		{E9E81B25-5F86-474E-897C-F82FE686915E}.Debug|x64.ActiveCfg = Debug|x64
		{E9E81B25-5F86-474E-897C-F82FE686915E}.Debug|x64.Build.0 = Debug|x64
		{E9E81B25-5F86-474E-897C-F82FE686915E}.Release_With_DebugInfo|x64.ActiveCfg = Release_With_DebugInfo|x64
		{E9E81B25-5F86-474E-897C-F82FE686915E}.Release_With_DebugInfo|x64.Build.0 = Release_With_DebugInfo|x64
		{E9E81B25-5F86-474E-897C-F82FE686915E}.Release|x64.ActiveCfg = Release|x64
		{E9E81B25-5F86-474E-897C-F82FE686915E}.Release|x64.Build.0 = Release|x64
		{2CD8058E-0EC4-4486-8129-03E874B756DA}.Debug|x64.ActiveCfg = Debug|x64
		{2CD8058E-0EC4-4486-8129-03E874B756DA}.Debug|x64.Build.0 = Debug|x64
		{2CD8058E-0EC4-4486-8129-03E874B756DA}.Release_With_DebugInfo|x64.ActiveCfg = Release_With_DebugInfo|x64
		{2CD8058E-0EC4-4486-8129-03E874B756DA}.Release_With_DebugInfo|x64.Build.0 = Release_With_DebugInfo|x64
		{2CD8058E-0EC4-4486-8129-03E874B756DA}.Release|x64.ActiveCfg = Release|x64
		{2CD8058E-0EC4-4486-8129-03E874B756DA}.Release|x64.Build.0 = Release|x64
		{8ECD097D-3A0F-4F3F-A352-BA4517608965}.Debug|x64.ActiveCfg = Debug|x64
		{8ECD097D-3A0F-4F3F-A352-BA4517608965}.Debug|x64.Build.0 = Debug|x64
		{8ECD097D-3A0F-4F3F-A352-BA4517608965}.Release_With_DebugInfo|x64.ActiveCfg = Release_With_DebugInfo|x64
		{8ECD097D-3A0F-4F3F-A352-BA4517608965}.Release_With_DebugInfo|x64.Build.0 = Release_With_DebugInfo|x64
		{8ECD097D-3A0F-4F3F-A352-BA4517608965}.Release|x64.ActiveCfg = Release|x64
		{8ECD097D-3A0F-4F3F-A352-BA4517608965}.Release|x64.Build.0 = Release|x64
		{4948C8E8-AD29-4E38-A793-2BC1688286B0}.Debug|x64.ActiveCfg = Debug|x64
		{4948C8E8-AD29-4E38-A793-2BC1688286B0}.Debug|x64.Build.0 = Debug|x64
		{4948C8E8-AD29-4E38-A793-2BC1688286B0}.Release_With_DebugInfo|x64.ActiveCfg = Release_With_DebugInfo|x64
		{4948C8E8-AD29-4E38-A793-2BC1688286B0}.Release_With_DebugInfo|x64.Build.0 = Release_With_DebugInfo|x64
		{4948C8E8-AD29-4E38-A793-2BC1688286B0}.Release|x64.ActiveCfg = Release|x64
		{4948C8E8-AD29-4E38-A793-2BC1688286B0}.Release|x64.Build.0 = Release|x64
		{0F96FD3C-6375-4F10-8587-FF33013BC310}.Debug|x64.ActiveCfg = Debug|x64
		{0F96FD3C-6375-4F10-8587-FF33013BC310}.Debug|x64.Build.0 = Debug|x64
		{0F96FD3C-6375-4F10-8587-FF33013BC310}.Release_With_DebugInfo|x64.ActiveCfg = Release_With_DebugInfo|x64
		{0F96FD3C-6375-4F10-8587-FF33013BC310}.Release_With_DebugInfo|x64.Build.0 = Release_With_DebugInfo|x64
		{0F96FD3C-6375-4F10-8587-FF33013BC310}.Release|x64.ActiveCfg = Release|x64
		{0F96FD3C-6375-4F10-8587-FF33013BC310}.Release|x64.Build.0 = Release|x64
		{AEE565B3-8822-46E6-8E39-EB574B3BC447}.Debug|x64.ActiveCfg = Debug|x64
		{AEE565B3-8822-46E6-8E39-EB574B3BC447}.Debug|x64.Build.0 = Debug|x64
		{AEE565B3-8822-46E6-8E39-EB574B3BC447}.Release_With_DebugInfo|x64.ActiveCfg = Release_With_DebugInfo|x64
		{AEE565B3-8822-46E6-8E39-EB574B3BC447}.Release_With_DebugInfo|x64.Build.0 = Release_With_DebugInfo|x64
		{AEE565B3-8822-46E6-8E39-EB574B3BC447}.Release|x64.ActiveCfg = Release|x64
		{AEE565B3-8822-46E6-8E39-EB574B3BC447}.Release|x64.Build.0 = Release|x64
		{F3851E08-5036-4057-81D8-CF94DE101CB3}.Debug|x64.ActiveCfg = Debug|x64
		{F3851E08-5036-4057-81D8-CF94DE101CB3}.Debug|x64.Build.0 = Debug|x64
		{F3851E08-5036-4057-81D8-CF94DE101CB3}.Release_With_DebugInfo|x64.ActiveCfg = Release_With_DebugInfo|x64
		{F3851E08-5036-4057-81D8-CF94DE101CB3}.Release_With_DebugInfo|x64.Build.0 = Release_With_DebugInfo|x64
		{F3851E08-5036-4057-81D8-CF94DE101CB3}.Release|x64.ActiveCfg = Release|x64
		{F3851E08-5036-4057-81D8-CF94DE101CB3}.Release|x64.Build.0 = Release|x64
		{74E573FA-04D1-4592-9BAC-6443784A562D}.Debug|x64.ActiveCfg = Debug|x64
		{74E573FA-04D1-4592-9BAC-6443784A562D}.Debug|x64.Build.0 = Debug|x64
		{74E573FA-04D1-4592-9BAC-6443784A562D}.Release_With_DebugInfo|x64.ActiveCfg = Release_With_DebugInfo|x64
		{74E573FA-04D1-4592-9BAC-6443784A562D}.Release_With_DebugInfo|x64.Build.0 = Release_With_DebugInfo|x64
		{74E573FA-04D1-4592-9BAC-6443784A562D}.Release|x64.ActiveCfg = Release|x64
		{74E573FA-04D1-4592-9BAC-6443784A562D}.Release|x64.Build.0 = Release|x64
		{A2179045-15C2-4ACC-A4D5-5AF9C841D2F3}.Debug|x64.ActiveCfg = Debug|x64
		{A2179045-15C2-4ACC-A4D5-5AF9C841D2F3}.Debug|x64.Build.0 = Debug|x64
		{A2179045-15C2-4ACC-A4D5-5AF9C841D2F3}.Release_With_DebugInfo|x64.ActiveCfg = Release_With_DebugInfo|x64
		{A2179045-15C2-4ACC-A4D5-5AF9C841D2F3}.Release_With_DebugInfo|x64.Build.0 = Release_With_DebugInfo|x64
		{A2179045-15C2-4ACC-A4D5-5AF9C841D2F3}.Release|x64.ActiveCfg = Release|x64
		{A2179045-15C2-4ACC-A4D5-5AF9C841D2F3}.Release|x64.Build.0 = Release|x64
		{79EC106F-D1CC-4A66-8FC5-549E2202CF78}.Debug|x64.ActiveCfg = Debug|x64
		{79EC106F-D1CC-4A66-8FC5-549E2202CF78}.Debug|x64.Build.0 = Debug|x64
		{79EC106F-D1CC-4A66-8FC5-549E2202CF78}.Release_With_DebugInfo|x64.ActiveCfg = Release_With_DebugInfo|x64
		{79EC106F-D1CC-4A66-8FC5-549E2202CF78}.Release_With_DebugInfo|x64.Build.0 = Release_With_DebugInfo|x64
		{79EC106F-D1CC-4A66-8FC5-549E2202CF78}.Release|x64.ActiveCfg = Release|x64
		{79EC106F-D1CC-4A66-8FC5-549E2202CF78}.Release|x64.Build.0 = Release|x64
		{5053B108-D4AD-43F6-BBBF-D0C0FEAD9E3B}.Debug|x64.ActiveCfg = Debug|x64
		{5053B108-D4AD-43F6-BBBF-D0C0FEAD9E3B}.Debug|x64.Build.0 = Debug|x64
		{5053B108-D4AD-43F6-BBBF-D0C0FEAD9E3B}.Release_With_DebugInfo|x64.ActiveCfg = Release_With_DebugInfo|x64
		{5053B108-D4AD-43F6-BBBF-D0C0FEAD9E3B}.Release_With_DebugInfo|x64.Build.0 = Release_With_DebugInfo|x64
		{5053B108-D4AD-43F6-BBBF-D0C0FEAD9E3B}.Release|x64.ActiveCfg = Release|x64
		{5053B108-D4AD-43F6-BBBF-D0C0FEAD9E3B}.Release|x64.Build.0 = Release|x64
		{56942F24-DA9E-4F7F-92EF-371BA1698D4F}.Debug|x64.ActiveCfg = Debug|x64
		{56942F24-DA9E-4F7F-92EF-371BA1698D4F}.Debug|x64.Build.0 = Debug|x64
		{56942F24-DA9E-4F7F-92EF-371BA1698D4F}.Release_With_DebugInfo|x64.ActiveCfg = Release_With_DebugInfo|x64
		{56942F24-DA9E-4F7F-92EF-371BA1698D4F}.Release_With_DebugInfo|x64.Build.0 = Release_With_DebugInfo|x64
		{56942F24-DA9E-4F7F-92EF-371BA1698D4F}.Release|x64.ActiveCfg = Release|x64
		{56942F24-DA9E-4F7F-92EF-371BA1698D4F}.Release|x64.Build.0 = Release|x64
		{29672DCC-30F4-4901-A7CF-923144194800}.Debug|x64.ActiveCfg = Debug|x64
		{29672DCC-30F4-4901-A7CF-923144194800}.Debug|x64.Build.0 = Debug|x64
		{29672DCC-30F4-4901-A7CF-923144194800}.Release_With_DebugInfo|x64.ActiveCfg = Release_With_DebugInfo|x64
		{29672DCC-30F4-4901-A7CF-923144194800}.Release_With_DebugInfo|x64.Build.0 = Release_With_DebugInfo|x64
		{29672DCC-30F4-4901-A7CF-923144194800}.Release|x64.ActiveCfg = Release|x64
		{29672DCC-30F4-4901-A7CF-923144194800}.Release|x64.Build.0 = Release|x64
		{675A6CAC-ED05-44B4-BF85-9E5716FD769F}.Debug|x64.ActiveCfg = Debug|x64
		{675A6CAC-ED05-44B4-BF85-9E5716FD769F}.Debug|x64.Build.0 = Debug|x64
		{675A6CAC-ED05-44B4-BF85-9E5716FD769F}.Release_With_DebugInfo|x64.ActiveCfg = Release|x64
		{675A6CAC-ED05-44B4-BF85-9E5716FD769F}.Release_With_DebugInfo|x64.Build.0 = Release|x64
		{675A6CAC-ED05-44B4-BF85-9E5716FD769F}.Release|x64.ActiveCfg = Release|x64
		{675A6CAC-ED05-44B4-BF85-9E5716FD769F}.Release|x64.Build.0 = Release|x64
		{C4B93A79-7BA9-448D-B0F9-1081BD1B28B8}.Debug|x64.ActiveCfg = Debug|x64
		{C4B93A79-7BA9-448D-B0F9-1081BD1B28B8}.Debug|x64.Build.0 = Debug|x64
		{C4B93A79-7BA9-448D-B0F9-1081BD1B28B8}.Release_With_DebugInfo|x64.ActiveCfg = Release_With_DebugInfo|x64
		{C4B93A79-7BA9-448D-B0F9-1081BD1B28B8}.Release_With_DebugInfo|x64.Build.0 = Release_With_DebugInfo|x64
		{C4B93A79-7BA9-448D-B0F9-1081BD1B28B8}.Release|x64.ActiveCfg = Release|x64
		{C4B93A79-7BA9-448D-B0F9-1081BD1B28B8}.Release|x64.Build.0 = Release|x64
		{56942F24-DA9E-4F7F-92EF-373BA1698D4F}.Debug|x64.ActiveCfg = Debug|x64
		{56942F24-DA9E-4F7F-92EF-373BA1698D4F}.Debug|x64.Build.0 = Debug|x64
		{56942F24-DA9E-4F7F-92EF-373BA1698D4F}.Release_With_DebugInfo|x64.ActiveCfg = Release_With_DebugInfo|x64
		{56942F24-DA9E-4F7F-92EF-373BA1698D4F}.Release_With_DebugInfo|x64.Build.0 = Release_With_DebugInfo|x64
		{56942F24-DA9E-4F7F-92EF-373BA1698D4F}.Release|x64.ActiveCfg = Release|x64
		{56942F24-DA9E-4F7F-92EF-373BA1698D4F}.Release|x64.Build.0 = Release|x64
	EndGlobalSection
	GlobalSection(SolutionProperties) = preSolution
		HideSolutionNode = FALSE
	EndGlobalSection
	GlobalSection(NestedProjects) = preSolution
		{B12702AD-ABFB-343A-A199-8E24837244A3} = {7F17C5A6-D255-4B03-A9A0-75B99A8A6C50}
		{21C94792-2C86-4071-8048-669CC52A97BC} = {2DB22514-9621-41BA-9C12-AD7F0933B0D1}
		{BD1D1E98-78BD-433B-BA4A-813ECF9B84CF} = {2DB22514-9621-41BA-9C12-AD7F0933B0D1}
		{FFDA6CBB-7DF5-43D1-9A3B-4F9C3938866D} = {16FE1ADE-AA38-4844-A48A-90D6DDE4F21E}
		{37FC1823-7D7E-4A33-9BB7-3A2F89A671EB} = {16FE1ADE-AA38-4844-A48A-90D6DDE4F21E}
		{E9E81B25-5F86-474E-897C-F82FE686915E} = {44288810-C0AF-458A-BBF2-9D7D93026E91}
		{2CD8058E-0EC4-4486-8129-03E874B756DA} = {44288810-C0AF-458A-BBF2-9D7D93026E91}
		{8ECD097D-3A0F-4F3F-A352-BA4517608965} = {1B904684-A96B-4260-8703-E2FCB3C4526A}
		{4948C8E8-AD29-4E38-A793-2BC1688286B0} = {1B904684-A96B-4260-8703-E2FCB3C4526A}
		{0F96FD3C-6375-4F10-8587-FF33013BC310} = {16FE1ADE-AA38-4844-A48A-90D6DDE4F21E}
		{AEE565B3-8822-46E6-8E39-EB574B3BC447} = {16FE1ADE-AA38-4844-A48A-90D6DDE4F21E}
		{F3851E08-5036-4057-81D8-CF94DE101CB3} = {44288810-C0AF-458A-BBF2-9D7D93026E91}
		{74E573FA-04D1-4592-9BAC-6443784A562D} = {20844454-356C-4BE4-BBF8-24F36BEF98D5}
		{A2179045-15C2-4ACC-A4D5-5AF9C841D2F3} = {20844454-356C-4BE4-BBF8-24F36BEF98D5}
		{79EC106F-D1CC-4A66-8FC5-549E2202CF78} = {20844454-356C-4BE4-BBF8-24F36BEF98D5}
		{5053B108-D4AD-43F6-BBBF-D0C0FEAD9E3B} = {44288810-C0AF-458A-BBF2-9D7D93026E91}
		{56942F24-DA9E-4F7F-92EF-371BA1698D4F} = {1B904684-A96B-4260-8703-E2FCB3C4526A}
		{29672DCC-30F4-4901-A7CF-923144194800} = {16FE1ADE-AA38-4844-A48A-90D6DDE4F21E}
		{675A6CAC-ED05-44B4-BF85-9E5716FD769F} = {7F17C5A6-D255-4B03-A9A0-75B99A8A6C50}
		{C4B93A79-7BA9-448D-B0F9-1081BD1B28B8} = {20844454-356C-4BE4-BBF8-24F36BEF98D5}
		{56942F24-DA9E-4F7F-92EF-373BA1698D4F} = {1B904684-A96B-4260-8703-E2FCB3C4526A}
	EndGlobalSection
	GlobalSection(ExtensibilityGlobals) = postSolution
		Qt5Version = $(DefaultQtVersion)
		SolutionGuid = {86760CC3-BF26-4AE0-B27D-24F54426E658}
	EndGlobalSection
EndGlobal
