
Microsoft Visual Studio Solution File, Format Version 12.00
# Visual Studio 15
VisualStudioVersion = 15.0.27703.2035
MinimumVisualStudioVersion = 10.0.40219.1
Project("{8BC9CEB8-8B4A-11D0-8D11-00A0C91BC942}") = "juneQCSUI", "src\JuneQCSUI\JuneQCSUI.vcxproj", "{B12702AD-ABFB-343A-A199-8E24837244A3}"
EndProject
Project("{8BC9CEB8-8B4A-11D0-8D11-00A0C91BC942}") = "WICViewerD2D", "tests\wicviewerd2d\WicViewerD2D.vcxproj", "{A78C81DA-8956-47E5-8F4E-9F74B06479B4}"
EndProject
Project("{2150E333-8FDC-42A3-9474-1A3956D46DE8}") = "ImageTests", "ImageTests", "{169DFF4E-B538-4882-A087-F2CCCEEDBE27}"
EndProject
Project("{8BC9CEB8-8B4A-11D0-8D11-00A0C91BC942}") = "WICViewerGDIPlus", "tests\wicviewergdiplus\WicViewerGdiPlus.vcxproj", "{A34D48F0-8EEC-421D-93CC-10A4B02A0D62}"
EndProject
Project("{2150E333-8FDC-42A3-9474-1A3956D46DE8}") = "include", "include", "{2DB22514-9621-41BA-9C12-AD7F0933B0D1}"
EndProject
Project("{2150E333-8FDC-42A3-9474-1A3956D46DE8}") = "utilities", "utilities", "{44288810-C0AF-458A-BBF2-9D7D93026E91}"
EndProject
Project("{2150E333-8FDC-42A3-9474-1A3956D46DE8}") = "libraries", "libraries", "{C7817FBE-27DB-4AFB-B2EB-3AFEA04A15F3}"
EndProject
Project("{2150E333-8FDC-42A3-9474-1A3956D46DE8}") = "common", "common", "{21C94792-2C86-4071-8048-669CC52A97BC}"
	ProjectSection(SolutionItems) = preProject
		include\common\june_errors.h = include\common\june_errors.h
		include\common\june_exceptions.h = include\common\june_exceptions.h
		include\common\type_usings.h = include\common\type_usings.h
	EndProjectSection
EndProject
Project("{2150E333-8FDC-42A3-9474-1A3956D46DE8}") = "interfaces", "interfaces", "{BD1D1E98-78BD-433B-BA4A-813ECF9B84CF}"
	ProjectSection(SolutionItems) = preProject
		src\libs\algorithm_handlers\interfaces\IAlgorithmHandler.h = src\libs\algorithm_handlers\interfaces\IAlgorithmHandler.h
		src\libs\coreLib\interfaces\ICore.h = src\libs\coreLib\interfaces\ICore.h
		src\libs\frameProviders\interfaces\IFrameProvider.h = src\libs\frameProviders\interfaces\IFrameProvider.h
		include\interfaces\IQBAse.h = include\interfaces\IQBAse.h
	EndProjectSection
EndProject
Project("{2150E333-8FDC-42A3-9474-1A3956D46DE8}") = "core", "core", "{16FE1ADE-AA38-4844-A48A-90D6DDE4F21E}"
EndProject
Project("{8BC9CEB8-8B4A-11D0-8D11-00A0C91BC942}") = "coreLib", "src\libs\coreLib\coreLib.vcxproj", "{FFDA6CBB-7DF5-43D1-9A3B-4F9C3938866D}"
EndProject
Project("{2150E333-8FDC-42A3-9474-1A3956D46DE8}") = "modules", "modules", "{36E52539-AA35-4051-8784-8B1E4AFAEEF9}"
EndProject
Project("{8BC9CEB8-8B4A-11D0-8D11-00A0C91BC942}") = "frameLib", "src\libs\frameLib\frameLib.vcxproj", "{37FC1823-7D7E-4A33-9BB7-3A2F89A671EB}"
EndProject
Project("{8BC9CEB8-8B4A-11D0-8D11-00A0C91BC942}") = "formatLib", "src\libs\formatLib\formatLib.vcxproj", "{E9E81B25-5F86-474E-897C-F82FE686915E}"
EndProject
Project("{8BC9CEB8-8B4A-11D0-8D11-00A0C91BC942}") = "utilLib", "src\libs\utilLib\utilLib.vcxproj", "{2CD8058E-0EC4-4486-8129-03E874B756DA}"
EndProject
Project("{8BC9CEB8-8B4A-11D0-8D11-00A0C91BC942}") = "baseProviderLib", "src\libs\frameProviders\baseProviderLib\baseProviderLib.vcxproj", "{8ECD097D-3A0F-4F3F-A352-BA4517608965}"
EndProject
Project("{2150E333-8FDC-42A3-9474-1A3956D46DE8}") = "frame providers", "frame providers", "{945DAB25-6F68-41F3-861F-7A1CA4BFAED0}"
EndProject
Project("{8BC9CEB8-8B4A-11D0-8D11-00A0C91BC942}") = "offlineCalcProvLib", "src\libs\frameProviders\offlineCalcProvLib\offlineCalcProvLib.vcxproj", "{A45EE1ED-B790-4060-AFB2-D5B923D93DEF}"
EndProject
Project("{8BC9CEB8-8B4A-11D0-8D11-00A0C91BC942}") = "sisoFGProvLib", "src\libs\frameProviders\sisoFGProvLib\sisoFGProvLib.vcxproj", "{4948C8E8-AD29-4E38-A793-2BC1688286B0}"
EndProject
Project("{8BC9CEB8-8B4A-11D0-8D11-00A0C91BC942}") = "fgSimulatorProvLib", "src\libs\frameProviders\fgSimulatorProvLib\fgSimulatorProvLib.vcxproj", "{17DC1BF0-F828-475C-BE75-7E14059CC494}"
EndProject
Project("{8BC9CEB8-8B4A-11D0-8D11-00A0C91BC942}") = "functionsLib", "src\libs\functionsLib\functionsLib.vcxproj", "{0F96FD3C-6375-4F10-8587-FF33013BC310}"
EndProject
Project("{8BC9CEB8-8B4A-11D0-8D11-00A0C91BC942}") = "paramLib", "src\libs\paramLib\paramLib.vcxproj", "{AEE565B3-8822-46E6-8E39-EB574B3BC447}"
EndProject
Project("{8BC9CEB8-8B4A-11D0-8D11-00A0C91BC942}") = "threadingLib", "src\libs\threadingLib\threadingLib.vcxproj", "{66DC99B7-E24C-4541-943D-90C7B25AE197}"
EndProject
Project("{2150E333-8FDC-42A3-9474-1A3956D46DE8}") = "UI", "UI", "{7F17C5A6-D255-4B03-A9A0-75B99A8A6C50}"
EndProject
Project("{2150E333-8FDC-42A3-9474-1A3956D46DE8}") = "core", "core", "{DA225C77-1F19-4F41-B61D-D284B1764356}"
EndProject
Project("{2150E333-8FDC-42A3-9474-1A3956D46DE8}") = "util", "util", "{0B813AFE-0610-4F47-8739-4DB25DA0D0C2}"
EndProject
Project("{8BC9CEB8-8B4A-11D0-8D11-00A0C91BC942}") = "logLib", "src\libs\logLib\appLog.vcxproj", "{F3851E08-5036-4057-81D8-CF94DE101CB3}"
EndProject
Project("{2150E333-8FDC-42A3-9474-1A3956D46DE8}") = "algorithm handlers", "algorithm handlers", "{20844454-356C-4BE4-BBF8-24F36BEF98D5}"
EndProject
Project("{8BC9CEB8-8B4A-11D0-8D11-00A0C91BC942}") = "fullPageHandler", "src\libs\algorithm_handlers\fullPageHandler\fullPageHandler.vcxproj", "{79EC106F-D1CC-4A66-8FC5-549E2202CF78}"
EndProject
Project("{8BC9CEB8-8B4A-11D0-8D11-00A0C91BC942}") = "algorithmic_functions", "src\libs\algorithmic_functions\algorithmic_functions.vcxproj", "{74E573FA-04D1-4592-9BAC-6443784A562D}"
EndProject
Project("{8BC9CEB8-8B4A-11D0-8D11-00A0C91BC942}") = "registrationHandler", "src\libs\algorithm_handlers\registrationHandler\registrationHandler.vcxproj", "{B9894468-D5D8-4B80-87AE-957329414CAC}"
EndProject
Project("{8BC9CEB8-8B4A-11D0-8D11-00A0C91BC942}") = "abstractAlgoHandler", "src\libs\algorithm_handlers\abstractAlgoHandler\abstractAlgoHandler.vcxproj", "{A2179045-15C2-4ACC-A4D5-5AF9C841D2F3}"
EndProject
Global
	GlobalSection(SolutionConfigurationPlatforms) = preSolution
		Debug|x64 = Debug|x64
		Release|x64 = Release|x64
	EndGlobalSection
	GlobalSection(ProjectConfigurationPlatforms) = postSolution
		{B12702AD-ABFB-343A-A199-8E24837244A3}.Debug|x64.ActiveCfg = Debug|x64
		{B12702AD-ABFB-343A-A199-8E24837244A3}.Debug|x64.Build.0 = Debug|x64
		{B12702AD-ABFB-343A-A199-8E24837244A3}.Release|x64.ActiveCfg = Release|x64
		{B12702AD-ABFB-343A-A199-8E24837244A3}.Release|x64.Build.0 = Release|x64
		{A78C81DA-8956-47E5-8F4E-9F74B06479B4}.Debug|x64.ActiveCfg = Debug|x64
		{A78C81DA-8956-47E5-8F4E-9F74B06479B4}.Debug|x64.Build.0 = Debug|x64
		{A78C81DA-8956-47E5-8F4E-9F74B06479B4}.Release|x64.ActiveCfg = Release|x64
		{A78C81DA-8956-47E5-8F4E-9F74B06479B4}.Release|x64.Build.0 = Release|x64
		{A34D48F0-8EEC-421D-93CC-10A4B02A0D62}.Debug|x64.ActiveCfg = Debug|x64
		{A34D48F0-8EEC-421D-93CC-10A4B02A0D62}.Debug|x64.Build.0 = Debug|x64
		{A34D48F0-8EEC-421D-93CC-10A4B02A0D62}.Release|x64.ActiveCfg = Release|x64
		{A34D48F0-8EEC-421D-93CC-10A4B02A0D62}.Release|x64.Build.0 = Release|x64
		{FFDA6CBB-7DF5-43D1-9A3B-4F9C3938866D}.Debug|x64.ActiveCfg = Debug|x64
		{FFDA6CBB-7DF5-43D1-9A3B-4F9C3938866D}.Debug|x64.Build.0 = Debug|x64
		{FFDA6CBB-7DF5-43D1-9A3B-4F9C3938866D}.Release|x64.ActiveCfg = Release|x64
		{FFDA6CBB-7DF5-43D1-9A3B-4F9C3938866D}.Release|x64.Build.0 = Release|x64
		{37FC1823-7D7E-4A33-9BB7-3A2F89A671EB}.Debug|x64.ActiveCfg = Debug|x64
		{37FC1823-7D7E-4A33-9BB7-3A2F89A671EB}.Debug|x64.Build.0 = Debug|x64
		{37FC1823-7D7E-4A33-9BB7-3A2F89A671EB}.Release|x64.ActiveCfg = Release|x64
		{37FC1823-7D7E-4A33-9BB7-3A2F89A671EB}.Release|x64.Build.0 = Release|x64
		{E9E81B25-5F86-474E-897C-F82FE686915E}.Debug|x64.ActiveCfg = Debug|x64
		{E9E81B25-5F86-474E-897C-F82FE686915E}.Debug|x64.Build.0 = Debug|x64
		{E9E81B25-5F86-474E-897C-F82FE686915E}.Release|x64.ActiveCfg = Release|x64
		{E9E81B25-5F86-474E-897C-F82FE686915E}.Release|x64.Build.0 = Release|x64
		{2CD8058E-0EC4-4486-8129-03E874B756DA}.Debug|x64.ActiveCfg = Debug|x64
		{2CD8058E-0EC4-4486-8129-03E874B756DA}.Debug|x64.Build.0 = Debug|x64
		{2CD8058E-0EC4-4486-8129-03E874B756DA}.Release|x64.ActiveCfg = Release|x64
		{2CD8058E-0EC4-4486-8129-03E874B756DA}.Release|x64.Build.0 = Release|x64
		{8ECD097D-3A0F-4F3F-A352-BA4517608965}.Debug|x64.ActiveCfg = Debug|x64
		{8ECD097D-3A0F-4F3F-A352-BA4517608965}.Debug|x64.Build.0 = Debug|x64
		{8ECD097D-3A0F-4F3F-A352-BA4517608965}.Release|x64.ActiveCfg = Release|x64
		{8ECD097D-3A0F-4F3F-A352-BA4517608965}.Release|x64.Build.0 = Release|x64
		{A45EE1ED-B790-4060-AFB2-D5B923D93DEF}.Debug|x64.ActiveCfg = Debug|x64
		{A45EE1ED-B790-4060-AFB2-D5B923D93DEF}.Debug|x64.Build.0 = Debug|x64
		{A45EE1ED-B790-4060-AFB2-D5B923D93DEF}.Release|x64.ActiveCfg = Release|x64
		{A45EE1ED-B790-4060-AFB2-D5B923D93DEF}.Release|x64.Build.0 = Release|x64
		{4948C8E8-AD29-4E38-A793-2BC1688286B0}.Debug|x64.ActiveCfg = Debug|x64
		{4948C8E8-AD29-4E38-A793-2BC1688286B0}.Debug|x64.Build.0 = Debug|x64
		{4948C8E8-AD29-4E38-A793-2BC1688286B0}.Release|x64.ActiveCfg = Release|x64
		{4948C8E8-AD29-4E38-A793-2BC1688286B0}.Release|x64.Build.0 = Release|x64
		{17DC1BF0-F828-475C-BE75-7E14059CC494}.Debug|x64.ActiveCfg = Debug|x64
		{17DC1BF0-F828-475C-BE75-7E14059CC494}.Debug|x64.Build.0 = Debug|x64
		{17DC1BF0-F828-475C-BE75-7E14059CC494}.Release|x64.ActiveCfg = Release|x64
		{17DC1BF0-F828-475C-BE75-7E14059CC494}.Release|x64.Build.0 = Release|x64
		{0F96FD3C-6375-4F10-8587-FF33013BC310}.Debug|x64.ActiveCfg = Debug|x64
		{0F96FD3C-6375-4F10-8587-FF33013BC310}.Debug|x64.Build.0 = Debug|x64
		{0F96FD3C-6375-4F10-8587-FF33013BC310}.Release|x64.ActiveCfg = Release|x64
		{0F96FD3C-6375-4F10-8587-FF33013BC310}.Release|x64.Build.0 = Release|x64
		{AEE565B3-8822-46E6-8E39-EB574B3BC447}.Debug|x64.ActiveCfg = Debug|x64
		{AEE565B3-8822-46E6-8E39-EB574B3BC447}.Debug|x64.Build.0 = Debug|x64
		{AEE565B3-8822-46E6-8E39-EB574B3BC447}.Release|x64.ActiveCfg = Release|x64
		{AEE565B3-8822-46E6-8E39-EB574B3BC447}.Release|x64.Build.0 = Release|x64
		{66DC99B7-E24C-4541-943D-90C7B25AE197}.Debug|x64.ActiveCfg = Debug|x64
		{66DC99B7-E24C-4541-943D-90C7B25AE197}.Debug|x64.Build.0 = Debug|x64
		{66DC99B7-E24C-4541-943D-90C7B25AE197}.Release|x64.ActiveCfg = Release|x64
		{66DC99B7-E24C-4541-943D-90C7B25AE197}.Release|x64.Build.0 = Release|x64
		{F3851E08-5036-4057-81D8-CF94DE101CB3}.Debug|x64.ActiveCfg = Debug|x64
		{F3851E08-5036-4057-81D8-CF94DE101CB3}.Debug|x64.Build.0 = Debug|x64
		{F3851E08-5036-4057-81D8-CF94DE101CB3}.Release|x64.ActiveCfg = Release|x64
		{F3851E08-5036-4057-81D8-CF94DE101CB3}.Release|x64.Build.0 = Release|x64
		{79EC106F-D1CC-4A66-8FC5-549E2202CF78}.Debug|x64.ActiveCfg = Debug|x64
		{79EC106F-D1CC-4A66-8FC5-549E2202CF78}.Debug|x64.Build.0 = Debug|x64
		{79EC106F-D1CC-4A66-8FC5-549E2202CF78}.Release|x64.ActiveCfg = Release|x64
		{79EC106F-D1CC-4A66-8FC5-549E2202CF78}.Release|x64.Build.0 = Release|x64
		{74E573FA-04D1-4592-9BAC-6443784A562D}.Debug|x64.ActiveCfg = Debug|x64
		{74E573FA-04D1-4592-9BAC-6443784A562D}.Debug|x64.Build.0 = Debug|x64
		{74E573FA-04D1-4592-9BAC-6443784A562D}.Release|x64.ActiveCfg = Release|x64
		{74E573FA-04D1-4592-9BAC-6443784A562D}.Release|x64.Build.0 = Release|x64
		{B9894468-D5D8-4B80-87AE-957329414CAC}.Debug|x64.ActiveCfg = Debug|x64
		{B9894468-D5D8-4B80-87AE-957329414CAC}.Debug|x64.Build.0 = Debug|x64
		{B9894468-D5D8-4B80-87AE-957329414CAC}.Release|x64.ActiveCfg = Release|x64
		{B9894468-D5D8-4B80-87AE-957329414CAC}.Release|x64.Build.0 = Release|x64
		{A2179045-15C2-4ACC-A4D5-5AF9C841D2F3}.Debug|x64.ActiveCfg = Debug|x64
		{A2179045-15C2-4ACC-A4D5-5AF9C841D2F3}.Debug|x64.Build.0 = Debug|x64
		{A2179045-15C2-4ACC-A4D5-5AF9C841D2F3}.Release|x64.ActiveCfg = Release|x64
		{A2179045-15C2-4ACC-A4D5-5AF9C841D2F3}.Release|x64.Build.0 = Release|x64
	EndGlobalSection
	GlobalSection(SolutionProperties) = preSolution
		HideSolutionNode = FALSE
	EndGlobalSection
	GlobalSection(NestedProjects) = preSolution
		{B12702AD-ABFB-343A-A199-8E24837244A3} = {7F17C5A6-D255-4B03-A9A0-75B99A8A6C50}
		{A78C81DA-8956-47E5-8F4E-9F74B06479B4} = {169DFF4E-B538-4882-A087-F2CCCEEDBE27}
		{A34D48F0-8EEC-421D-93CC-10A4B02A0D62} = {169DFF4E-B538-4882-A087-F2CCCEEDBE27}
		{44288810-C0AF-458A-BBF2-9D7D93026E91} = {C7817FBE-27DB-4AFB-B2EB-3AFEA04A15F3}
		{21C94792-2C86-4071-8048-669CC52A97BC} = {2DB22514-9621-41BA-9C12-AD7F0933B0D1}
		{BD1D1E98-78BD-433B-BA4A-813ECF9B84CF} = {2DB22514-9621-41BA-9C12-AD7F0933B0D1}
		{16FE1ADE-AA38-4844-A48A-90D6DDE4F21E} = {C7817FBE-27DB-4AFB-B2EB-3AFEA04A15F3}
		{FFDA6CBB-7DF5-43D1-9A3B-4F9C3938866D} = {DA225C77-1F19-4F41-B61D-D284B1764356}
		{37FC1823-7D7E-4A33-9BB7-3A2F89A671EB} = {16FE1ADE-AA38-4844-A48A-90D6DDE4F21E}
		{E9E81B25-5F86-474E-897C-F82FE686915E} = {44288810-C0AF-458A-BBF2-9D7D93026E91}
		{2CD8058E-0EC4-4486-8129-03E874B756DA} = {44288810-C0AF-458A-BBF2-9D7D93026E91}
		{8ECD097D-3A0F-4F3F-A352-BA4517608965} = {C7817FBE-27DB-4AFB-B2EB-3AFEA04A15F3}
		{945DAB25-6F68-41F3-861F-7A1CA4BFAED0} = {36E52539-AA35-4051-8784-8B1E4AFAEEF9}
		{A45EE1ED-B790-4060-AFB2-D5B923D93DEF} = {945DAB25-6F68-41F3-861F-7A1CA4BFAED0}
		{4948C8E8-AD29-4E38-A793-2BC1688286B0} = {945DAB25-6F68-41F3-861F-7A1CA4BFAED0}
		{17DC1BF0-F828-475C-BE75-7E14059CC494} = {945DAB25-6F68-41F3-861F-7A1CA4BFAED0}
		{0F96FD3C-6375-4F10-8587-FF33013BC310} = {16FE1ADE-AA38-4844-A48A-90D6DDE4F21E}
		{AEE565B3-8822-46E6-8E39-EB574B3BC447} = {16FE1ADE-AA38-4844-A48A-90D6DDE4F21E}
		{66DC99B7-E24C-4541-943D-90C7B25AE197} = {16FE1ADE-AA38-4844-A48A-90D6DDE4F21E}
		{7F17C5A6-D255-4B03-A9A0-75B99A8A6C50} = {36E52539-AA35-4051-8784-8B1E4AFAEEF9}
		{DA225C77-1F19-4F41-B61D-D284B1764356} = {36E52539-AA35-4051-8784-8B1E4AFAEEF9}
		{0B813AFE-0610-4F47-8739-4DB25DA0D0C2} = {36E52539-AA35-4051-8784-8B1E4AFAEEF9}
		{F3851E08-5036-4057-81D8-CF94DE101CB3} = {0B813AFE-0610-4F47-8739-4DB25DA0D0C2}
		{20844454-356C-4BE4-BBF8-24F36BEF98D5} = {36E52539-AA35-4051-8784-8B1E4AFAEEF9}
		{79EC106F-D1CC-4A66-8FC5-549E2202CF78} = {20844454-356C-4BE4-BBF8-24F36BEF98D5}
		{74E573FA-04D1-4592-9BAC-6443784A562D} = {C7817FBE-27DB-4AFB-B2EB-3AFEA04A15F3}
		{B9894468-D5D8-4B80-87AE-957329414CAC} = {20844454-356C-4BE4-BBF8-24F36BEF98D5}
		{A2179045-15C2-4ACC-A4D5-5AF9C841D2F3} = {C7817FBE-27DB-4AFB-B2EB-3AFEA04A15F3}
	EndGlobalSection
	GlobalSection(ExtensibilityGlobals) = postSolution
		SolutionGuid = {86760CC3-BF26-4AE0-B27D-24F54426E658}
	EndGlobalSection
EndGlobal
